<?xml version="1.0" encoding="UTF-8" standalone="yes" ?>
<CodeBlocks_project_file>
	<FileVersion major="1" minor="6" />
	<Project>
		<Option title="clase bicicleta_herencia múltiple" />
		<Option pch_mode="2" />
		<Option compiler="gcc" />
		<Build>
			<Target title="Debug">
				<Option output="bin/Debug/clase bicicleta_herencia múltiple" prefix_auto="1" extension_auto="1" />
				<Option object_output="obj/Debug/" />
				<Option type="1" />
				<Option compiler="gcc" />
				<Compiler>
					<Add option="-g" />
				</Compiler>
			</Target>
			<Target title="Release">
				<Option output="bin/Release/clase bicicleta_herencia múltiple" prefix_auto="1" extension_auto="1" />
				<Option object_output="obj/Release/" />
				<Option type="1" />
				<Option compiler="gcc" />
				<Compiler>
					<Add option="-O2" />
				</Compiler>
				<Linker>
					<Add option="-s" />
				</Linker>
			</Target>
		</Build>
		<Compiler>
			<Add option="-Wall" />
		</Compiler>
		<Unit filename="Asiento.cpp" />
		<Unit filename="Asiento.hpp" />
		<Unit filename="Bicicleta.cpp" />
		<Unit filename="Bicicleta.hpp" />
		<Unit filename="Cambio.cpp" />
		<Unit filename="Cambio.hpp" />
		<Unit filename="Cubierta.cpp" />
		<Unit filename="Cubierta.hpp" />
		<Unit filename="Engranaje.cpp" />
		<Unit filename="Engranaje.hpp" />
		<Unit filename="Freno.cpp" />
		<Unit filename="Freno.hpp" />
		<Unit filename="Gomin.cpp" />
		<Unit filename="Gomin.hpp" />
		<Unit filename="Guardabarros.cpp" />
		<Unit filename="Guardabarros.hpp" />
		<Unit filename="Manubrio.cpp" />
		<Unit filename="Manubrio.hpp" />
		<Unit filename="Pedal.cpp" />
		<Unit filename="Pedal.hpp" />
		<Unit filename="Rayo.cpp" />
		<Unit filename="Rayo.hpp" />
		<Unit filename="Rueda.cpp" />
		<Unit filename="Rueda.hpp" />
		<Unit filename="main.cpp" />
		<Extensions>
			<code_completion />
			<envvars />
			<debugger />
		</Extensions>
	</Project>
</CodeBlocks_project_file>
